PODS:
  - RxCocoa (5.0.0):
    - RxRelay (~> 5)
    - RxSwift (~> 5)
  - RxRelay (5.0.0):
    - RxSwift (~> 5)
  - RxSwift (5.0.0)
  - SwiftyCodeView/Core (0.3.5)
  - SwiftyCodeView/RxSwift (0.3.5):
    - RxCocoa
    - RxSwift
    - SwiftyCodeView/Core

DEPENDENCIES:
  - SwiftyCodeView/RxSwift (from `../`)

SPEC REPOS:
  https://github.com/CocoaPods/Specs.git:
    - RxCocoa
    - RxRelay
    - RxSwift

EXTERNAL SOURCES:
  SwiftyCodeView:
    :path: "../"

SPEC CHECKSUMS:
  RxCocoa: fcf32050ac00d801f34a7f71d5e8e7f23026dcd8
  RxRelay: 4f7409406a51a55cd88483f21ed898c234d60f18
  RxSwift: 8b0671caa829a763bbce7271095859121cbd895f
  SwiftyCodeView: 40aca2a0a07203113358de5cd8c24756a39bb885

PODFILE CHECKSUM: 24942d50cecea0fe9f4340842636149451c40039

COCOAPODS: 1.8.4
