PODS:
  - RxCocoa (4.2.0):
    - RxSwift (~> 4.0)
  - RxSwift (4.2.0)
  - SwiftyCodeView/Core (0.2.1)
  - SwiftyCodeView/RxSwift (0.2.1):
    - RxCocoa
    - RxSwift
    - SwiftyCodeView/Core

DEPENDENCIES:
  - SwiftyCodeView/RxSwift

SPEC REPOS:
  https://github.com/cocoapods/specs.git:
    - RxCocoa
    - RxSwift
    - SwiftyCodeView

SPEC CHECKSUMS:
  RxCocoa: 0b54909c902e1e581212a03e690bbd94032d8baa
  RxSwift: 99e10317ddfcc7fbe01356aafd118fde4a0be104
  SwiftyCodeView: 8eaa20262958ae77b6e4faf59785731fbcd2ba34

PODFILE CHECKSUM: a2f31d1d432e9d059d7ce1404709038c2b2764f9

COCOAPODS: 1.5.3
