// !$*UTF8*$!
{
	archiveVersion = 1;
	classes = {
	};
	objectVersion = 50;
	objects = {

/* Begin PBXBuildFile section */
		1FB9705FEC847BE2EB170B5D /* Pods_SwiftyCodeViewDemo.framework in Frameworks */ = {isa = PBXBuildFile; fileRef = B8F955B69869920A381E4F4A /* Pods_SwiftyCodeViewDemo.framework */; };
		7531CA7320E6E86800E4E207 /* CustomCodeItemView.xib in Resources */ = {isa = PBXBuildFile; fileRef = 7531CA7020E6E86800E4E207 /* CustomCodeItemView.xib */; };
		7531CA7420E6E86800E4E207 /* CustomCodeView.swift in Sources */ = {isa = PBXBuildFile; fileRef = 7531CA7120E6E86800E4E207 /* CustomCodeView.swift */; };
		7531CA7520E6E86800E4E207 /* CustomCodeViewItem.swift in Sources */ = {isa = PBXBuildFile; fileRef = 7531CA7220E6E86800E4E207 /* CustomCodeViewItem.swift */; };
		75FE0A0920E6D19C0043AA9B /* AppDelegate.swift in Sources */ = {isa = PBXBuildFile; fileRef = 75FE0A0820E6D19C0043AA9B /* AppDelegate.swift */; };
		75FE0A0B20E6D19C0043AA9B /* ViewController.swift in Sources */ = {isa = PBXBuildFile; fileRef = 75FE0A0A20E6D19C0043AA9B /* ViewController.swift */; };
		75FE0A0E20E6D19C0043AA9B /* Main.storyboard in Resources */ = {isa = PBXBuildFile; fileRef = 75FE0A0C20E6D19C0043AA9B /* Main.storyboard */; };
		75FE0A1020E6D19C0043AA9B /* Assets.xcassets in Resources */ = {isa = PBXBuildFile; fileRef = 75FE0A0F20E6D19C0043AA9B /* Assets.xcassets */; };
		75FE0A1320E6D19C0043AA9B /* LaunchScreen.storyboard in Resources */ = {isa = PBXBuildFile; fileRef = 75FE0A1120E6D19C0043AA9B /* LaunchScreen.storyboard */; };
/* End PBXBuildFile section */

/* Begin PBXFileReference section */
		1B07F1335ECBB15DBB991618 /* Pods-SwiftyCodeViewDemo.release.xcconfig */ = {isa = PBXFileReference; includeInIndex = 1; lastKnownFileType = text.xcconfig; name = "Pods-SwiftyCodeViewDemo.release.xcconfig"; path = "Pods/Target Support Files/Pods-SwiftyCodeViewDemo/Pods-SwiftyCodeViewDemo.release.xcconfig"; sourceTree = "<group>"; };
		7403FD42F3D6FA45D6FD0634 /* Pods-SwiftyCodeViewDemo.debug.xcconfig */ = {isa = PBXFileReference; includeInIndex = 1; lastKnownFileType = text.xcconfig; name = "Pods-SwiftyCodeViewDemo.debug.xcconfig"; path = "Pods/Target Support Files/Pods-SwiftyCodeViewDemo/Pods-SwiftyCodeViewDemo.debug.xcconfig"; sourceTree = "<group>"; };
		7531CA7020E6E86800E4E207 /* CustomCodeItemView.xib */ = {isa = PBXFileReference; fileEncoding = 4; lastKnownFileType = file.xib; path = CustomCodeItemView.xib; sourceTree = "<group>"; };
		7531CA7120E6E86800E4E207 /* CustomCodeView.swift */ = {isa = PBXFileReference; fileEncoding = 4; lastKnownFileType = sourcecode.swift; path = CustomCodeView.swift; sourceTree = "<group>"; };
		7531CA7220E6E86800E4E207 /* CustomCodeViewItem.swift */ = {isa = PBXFileReference; fileEncoding = 4; lastKnownFileType = sourcecode.swift; path = CustomCodeViewItem.swift; sourceTree = "<group>"; };
		75FE0A0520E6D19C0043AA9B /* SwiftyCodeViewDemo.app */ = {isa = PBXFileReference; explicitFileType = wrapper.application; includeInIndex = 0; path = SwiftyCodeViewDemo.app; sourceTree = BUILT_PRODUCTS_DIR; };
		75FE0A0820E6D19C0043AA9B /* AppDelegate.swift */ = {isa = PBXFileReference; lastKnownFileType = sourcecode.swift; path = AppDelegate.swift; sourceTree = "<group>"; };
		75FE0A0A20E6D19C0043AA9B /* ViewController.swift */ = {isa = PBXFileReference; lastKnownFileType = sourcecode.swift; path = ViewController.swift; sourceTree = "<group>"; };
		75FE0A0D20E6D19C0043AA9B /* Base */ = {isa = PBXFileReference; lastKnownFileType = file.storyboard; name = Base; path = Base.lproj/Main.storyboard; sourceTree = "<group>"; };
		75FE0A0F20E6D19C0043AA9B /* Assets.xcassets */ = {isa = PBXFileReference; lastKnownFileType = folder.assetcatalog; path = Assets.xcassets; sourceTree = "<group>"; };
		75FE0A1220E6D19C0043AA9B /* Base */ = {isa = PBXFileReference; lastKnownFileType = file.storyboard; name = Base; path = Base.lproj/LaunchScreen.storyboard; sourceTree = "<group>"; };
		75FE0A1420E6D19C0043AA9B /* Info.plist */ = {isa = PBXFileReference; lastKnownFileType = text.plist.xml; path = Info.plist; sourceTree = "<group>"; };
		B8F955B69869920A381E4F4A /* Pods_SwiftyCodeViewDemo.framework */ = {isa = PBXFileReference; explicitFileType = wrapper.framework; includeInIndex = 0; path = Pods_SwiftyCodeViewDemo.framework; sourceTree = BUILT_PRODUCTS_DIR; };
/* End PBXFileReference section */

/* Begin PBXFrameworksBuildPhase section */
		75FE0A0220E6D19C0043AA9B /* Frameworks */ = {
			isa = PBXFrameworksBuildPhase;
			buildActionMask = 2147483647;
			files = (
				1FB9705FEC847BE2EB170B5D /* Pods_SwiftyCodeViewDemo.framework in Frameworks */,
			);
			runOnlyForDeploymentPostprocessing = 0;
		};
/* End PBXFrameworksBuildPhase section */

/* Begin PBXGroup section */
		3E941F1B337ABFA939B0BD3E /* Frameworks */ = {
			isa = PBXGroup;
			children = (
				B8F955B69869920A381E4F4A /* Pods_SwiftyCodeViewDemo.framework */,
			);
			name = Frameworks;
			sourceTree = "<group>";
		};
		579B689B7A50498FFCD02911 /* Pods */ = {
			isa = PBXGroup;
			children = (
				7403FD42F3D6FA45D6FD0634 /* Pods-SwiftyCodeViewDemo.debug.xcconfig */,
				1B07F1335ECBB15DBB991618 /* Pods-SwiftyCodeViewDemo.release.xcconfig */,
			);
			name = Pods;
			sourceTree = "<group>";
		};
		7531CA6F20E6E86800E4E207 /* CustomCodeView */ = {
			isa = PBXGroup;
			children = (
				7531CA7020E6E86800E4E207 /* CustomCodeItemView.xib */,
				7531CA7120E6E86800E4E207 /* CustomCodeView.swift */,
				7531CA7220E6E86800E4E207 /* CustomCodeViewItem.swift */,
			);
			path = CustomCodeView;
			sourceTree = "<group>";
		};
		75FE09FC20E6D19C0043AA9B = {
			isa = PBXGroup;
			children = (
				75FE0A0720E6D19C0043AA9B /* SwiftyCodeViewDemo */,
				75FE0A0620E6D19C0043AA9B /* Products */,
				579B689B7A50498FFCD02911 /* Pods */,
				3E941F1B337ABFA939B0BD3E /* Frameworks */,
			);
			sourceTree = "<group>";
		};
		75FE0A0620E6D19C0043AA9B /* Products */ = {
			isa = PBXGroup;
			children = (
				75FE0A0520E6D19C0043AA9B /* SwiftyCodeViewDemo.app */,
			);
			name = Products;
			sourceTree = "<group>";
		};
		75FE0A0720E6D19C0043AA9B /* SwiftyCodeViewDemo */ = {
			isa = PBXGroup;
			children = (
				7531CA6F20E6E86800E4E207 /* CustomCodeView */,
				75FE0A0820E6D19C0043AA9B /* AppDelegate.swift */,
				75FE0A0A20E6D19C0043AA9B /* ViewController.swift */,
				75FE0A0C20E6D19C0043AA9B /* Main.storyboard */,
				75FE0A0F20E6D19C0043AA9B /* Assets.xcassets */,
				75FE0A1120E6D19C0043AA9B /* LaunchScreen.storyboard */,
				75FE0A1420E6D19C0043AA9B /* Info.plist */,
			);
			path = SwiftyCodeViewDemo;
			sourceTree = "<group>";
		};
/* End PBXGroup section */

/* Begin PBXNativeTarget section */
		75FE0A0420E6D19C0043AA9B /* SwiftyCodeViewDemo */ = {
			isa = PBXNativeTarget;
			buildConfigurationList = 75FE0A1720E6D19C0043AA9B /* Build configuration list for PBXNativeTarget "SwiftyCodeViewDemo" */;
			buildPhases = (
				DBCF376001D3ADE1091B5557 /* [CP] Check Pods Manifest.lock */,
				75FE0A0120E6D19C0043AA9B /* Sources */,
				75FE0A0220E6D19C0043AA9B /* Frameworks */,
				75FE0A0320E6D19C0043AA9B /* Resources */,
				850F8F7C42E9DBFF161F19A3 /* [CP] Embed Pods Frameworks */,
			);
			buildRules = (
			);
			dependencies = (
			);
			name = SwiftyCodeViewDemo;
			productName = SwiftyCodeViewDemo;
			productReference = 75FE0A0520E6D19C0043AA9B /* SwiftyCodeViewDemo.app */;
			productType = "com.apple.product-type.application";
		};
/* End PBXNativeTarget section */

/* Begin PBXProject section */
		75FE09FD20E6D19C0043AA9B /* Project object */ = {
			isa = PBXProject;
			attributes = {
				LastSwiftUpdateCheck = 0930;
				LastUpgradeCheck = 0930;
				ORGANIZATIONNAME = arturdev;
				TargetAttributes = {
					75FE0A0420E6D19C0043AA9B = {
						CreatedOnToolsVersion = 9.3;
					};
				};
			};
			buildConfigurationList = 75FE0A0020E6D19C0043AA9B /* Build configuration list for PBXProject "SwiftyCodeViewDemo" */;
			compatibilityVersion = "Xcode 9.3";
			developmentRegion = en;
			hasScannedForEncodings = 0;
			knownRegions = (
				en,
				Base,
			);
			mainGroup = 75FE09FC20E6D19C0043AA9B;
			productRefGroup = 75FE0A0620E6D19C0043AA9B /* Products */;
			projectDirPath = "";
			projectRoot = "";
			targets = (
				75FE0A0420E6D19C0043AA9B /* SwiftyCodeViewDemo */,
			);
		};
/* End PBXProject section */

/* Begin PBXResourcesBuildPhase section */
		75FE0A0320E6D19C0043AA9B /* Resources */ = {
			isa = PBXResourcesBuildPhase;
			buildActionMask = 2147483647;
			files = (
				75FE0A1320E6D19C0043AA9B /* LaunchScreen.storyboard in Resources */,
				75FE0A1020E6D19C0043AA9B /* Assets.xcassets in Resources */,
				75FE0A0E20E6D19C0043AA9B /* Main.storyboard in Resources */,
				7531CA7320E6E86800E4E207 /* CustomCodeItemView.xib in Resources */,
			);
			runOnlyForDeploymentPostprocessing = 0;
		};
/* End PBXResourcesBuildPhase section */

/* Begin PBXShellScriptBuildPhase section */
		850F8F7C42E9DBFF161F19A3 /* [CP] Embed Pods Frameworks */ = {
			isa = PBXShellScriptBuildPhase;
			buildActionMask = 2147483647;
			files = (
			);
			inputPaths = (
				"${SRCROOT}/Pods/Target Support Files/Pods-SwiftyCodeViewDemo/Pods-SwiftyCodeViewDemo-frameworks.sh",
				"${BUILT_PRODUCTS_DIR}/SwiftyCodeView/SwiftyCodeView.framework",
			);
			name = "[CP] Embed Pods Frameworks";
			outputPaths = (
				"${TARGET_BUILD_DIR}/${FRAMEWORKS_FOLDER_PATH}/SwiftyCodeView.framework",
			);
			runOnlyForDeploymentPostprocessing = 0;
			shellPath = /bin/sh;
			shellScript = "\"${SRCROOT}/Pods/Target Support Files/Pods-SwiftyCodeViewDemo/Pods-SwiftyCodeViewDemo-frameworks.sh\"\n";
			showEnvVarsInLog = 0;
		};
		DBCF376001D3ADE1091B5557 /* [CP] Check Pods Manifest.lock */ = {
			isa = PBXShellScriptBuildPhase;
			buildActionMask = 2147483647;
			files = (
			);
			inputPaths = (
				"${PODS_PODFILE_DIR_PATH}/Podfile.lock",
				"${PODS_ROOT}/Manifest.lock",
			);
			name = "[CP] Check Pods Manifest.lock";
			outputPaths = (
				"$(DERIVED_FILE_DIR)/Pods-SwiftyCodeViewDemo-checkManifestLockResult.txt",
			);
			runOnlyForDeploymentPostprocessing = 0;
			shellPath = /bin/sh;
			shellScript = "diff \"${PODS_PODFILE_DIR_PATH}/Podfile.lock\" \"${PODS_ROOT}/Manifest.lock\" > /dev/null\nif [ $? != 0 ] ; then\n    # print error to STDERR\n    echo \"error: The sandbox is not in sync with the Podfile.lock. Run 'pod install' or update your CocoaPods installation.\" >&2\n    exit 1\nfi\n# This output is used by Xcode 'outputs' to avoid re-running this script phase.\necho \"SUCCESS\" > \"${SCRIPT_OUTPUT_FILE_0}\"\n";
			showEnvVarsInLog = 0;
		};
/* End PBXShellScriptBuildPhase section */

/* Begin PBXSourcesBuildPhase section */
		75FE0A0120E6D19C0043AA9B /* Sources */ = {
			isa = PBXSourcesBuildPhase;
			buildActionMask = 2147483647;
			files = (
				75FE0A0B20E6D19C0043AA9B /* ViewController.swift in Sources */,
				7531CA7420E6E86800E4E207 /* CustomCodeView.swift in Sources */,
				75FE0A0920E6D19C0043AA9B /* AppDelegate.swift in Sources */,
				7531CA7520E6E86800E4E207 /* CustomCodeViewItem.swift in Sources */,
			);
			runOnlyForDeploymentPostprocessing = 0;
		};
/* End PBXSourcesBuildPhase section */

/* Begin PBXVariantGroup section */
		75FE0A0C20E6D19C0043AA9B /* Main.storyboard */ = {
			isa = PBXVariantGroup;
			children = (
				75FE0A0D20E6D19C0043AA9B /* Base */,
			);
			name = Main.storyboard;
			sourceTree = "<group>";
		};
		75FE0A1120E6D19C0043AA9B /* LaunchScreen.storyboard */ = {
			isa = PBXVariantGroup;
			children = (
				75FE0A1220E6D19C0043AA9B /* Base */,
			);
			name = LaunchScreen.storyboard;
			sourceTree = "<group>";
		};
/* End PBXVariantGroup section */

/* Begin XCBuildConfiguration section */
		75FE0A1520E6D19C0043AA9B /* Debug */ = {
			isa = XCBuildConfiguration;
			buildSettings = {
				ALWAYS_SEARCH_USER_PATHS = NO;
				CLANG_ANALYZER_NONNULL = YES;
				CLANG_ANALYZER_NUMBER_OBJECT_CONVERSION = YES_AGGRESSIVE;
				CLANG_CXX_LANGUAGE_STANDARD = "gnu++14";
				CLANG_CXX_LIBRARY = "libc++";
				CLANG_ENABLE_MODULES = YES;
				CLANG_ENABLE_OBJC_ARC = YES;
				CLANG_ENABLE_OBJC_WEAK = YES;
				CLANG_WARN_BLOCK_CAPTURE_AUTORELEASING = YES;
				CLANG_WARN_BOOL_CONVERSION = YES;
				CLANG_WARN_COMMA = YES;
				CLANG_WARN_CONSTANT_CONVERSION = YES;
				CLANG_WARN_DEPRECATED_OBJC_IMPLEMENTATIONS = YES;
				CLANG_WARN_DIRECT_OBJC_ISA_USAGE = YES_ERROR;
				CLANG_WARN_DOCUMENTATION_COMMENTS = YES;
				CLANG_WARN_EMPTY_BODY = YES;
				CLANG_WARN_ENUM_CONVERSION = YES;
				CLANG_WARN_INFINITE_RECURSION = YES;
				CLANG_WARN_INT_CONVERSION = YES;
				CLANG_WARN_NON_LITERAL_NULL_CONVERSION = YES;
				CLANG_WARN_OBJC_IMPLICIT_RETAIN_SELF = YES;
				CLANG_WARN_OBJC_LITERAL_CONVERSION = YES;
				CLANG_WARN_OBJC_ROOT_CLASS = YES_ERROR;
				CLANG_WARN_RANGE_LOOP_ANALYSIS = YES;
				CLANG_WARN_STRICT_PROTOTYPES = YES;
				CLANG_WARN_SUSPICIOUS_MOVE = YES;
				CLANG_WARN_UNGUARDED_AVAILABILITY = YES_AGGRESSIVE;
				CLANG_WARN_UNREACHABLE_CODE = YES;
				CLANG_WARN__DUPLICATE_METHOD_MATCH = YES;
				CODE_SIGN_IDENTITY = "iPhone Developer";
				COPY_PHASE_STRIP = NO;
				DEBUG_INFORMATION_FORMAT = dwarf;
				ENABLE_STRICT_OBJC_MSGSEND = YES;
				ENABLE_TESTABILITY = YES;
				GCC_C_LANGUAGE_STANDARD = gnu11;
				GCC_DYNAMIC_NO_PIC = NO;
				GCC_NO_COMMON_BLOCKS = YES;
				GCC_OPTIMIZATION_LEVEL = 0;
				GCC_PREPROCESSOR_DEFINITIONS = (
					"DEBUG=1",
					"$(inherited)",
				);
				GCC_WARN_64_TO_32_BIT_CONVERSION = YES;
				GCC_WARN_ABOUT_RETURN_TYPE = YES_ERROR;
				GCC_WARN_UNDECLARED_SELECTOR = YES;
				GCC_WARN_UNINITIALIZED_AUTOS = YES_AGGRESSIVE;
				GCC_WARN_UNUSED_FUNCTION = YES;
				GCC_WARN_UNUSED_VARIABLE = YES;
				IPHONEOS_DEPLOYMENT_TARGET = 11.3;
				MTL_ENABLE_DEBUG_INFO = YES;
				ONLY_ACTIVE_ARCH = YES;
				SDKROOT = iphoneos;
				SWIFT_ACTIVE_COMPILATION_CONDITIONS = DEBUG;
				SWIFT_OPTIMIZATION_LEVEL = "-Onone";
			};
			name = Debug;
		};
		75FE0A1620E6D19C0043AA9B /* Release */ = {
			isa = XCBuildConfiguration;
			buildSettings = {
				ALWAYS_SEARCH_USER_PATHS = NO;
				CLANG_ANALYZER_NONNULL = YES;
				CLANG_ANALYZER_NUMBER_OBJECT_CONVERSION = YES_AGGRESSIVE;
				CLANG_CXX_LANGUAGE_STANDARD = "gnu++14";
				CLANG_CXX_LIBRARY = "libc++";
				CLANG_ENABLE_MODULES = YES;
				CLANG_ENABLE_OBJC_ARC = YES;
				CLANG_ENABLE_OBJC_WEAK = YES;
				CLANG_WARN_BLOCK_CAPTURE_AUTORELEASING = YES;
				CLANG_WARN_BOOL_CONVERSION = YES;
				CLANG_WARN_COMMA = YES;
				CLANG_WARN_CONSTANT_CONVERSION = YES;
				CLANG_WARN_DEPRECATED_OBJC_IMPLEMENTATIONS = YES;
				CLANG_WARN_DIRECT_OBJC_ISA_USAGE = YES_ERROR;
				CLANG_WARN_DOCUMENTATION_COMMENTS = YES;
				CLANG_WARN_EMPTY_BODY = YES;
				CLANG_WARN_ENUM_CONVERSION = YES;
				CLANG_WARN_INFINITE_RECURSION = YES;
				CLANG_WARN_INT_CONVERSION = YES;
				CLANG_WARN_NON_LITERAL_NULL_CONVERSION = YES;
				CLANG_WARN_OBJC_IMPLICIT_RETAIN_SELF = YES;
				CLANG_WARN_OBJC_LITERAL_CONVERSION = YES;
				CLANG_WARN_OBJC_ROOT_CLASS = YES_ERROR;
				CLANG_WARN_RANGE_LOOP_ANALYSIS = YES;
				CLANG_WARN_STRICT_PROTOTYPES = YES;
				CLANG_WARN_SUSPICIOUS_MOVE = YES;
				CLANG_WARN_UNGUARDED_AVAILABILITY = YES_AGGRESSIVE;
				CLANG_WARN_UNREACHABLE_CODE = YES;
				CLANG_WARN__DUPLICATE_METHOD_MATCH = YES;
				CODE_SIGN_IDENTITY = "iPhone Developer";
				COPY_PHASE_STRIP = NO;
				DEBUG_INFORMATION_FORMAT = "dwarf-with-dsym";
				ENABLE_NS_ASSERTIONS = NO;
				ENABLE_STRICT_OBJC_MSGSEND = YES;
				GCC_C_LANGUAGE_STANDARD = gnu11;
				GCC_NO_COMMON_BLOCKS = YES;
				GCC_WARN_64_TO_32_BIT_CONVERSION = YES;
				GCC_WARN_ABOUT_RETURN_TYPE = YES_ERROR;
				GCC_WARN_UNDECLARED_SELECTOR = YES;
				GCC_WARN_UNINITIALIZED_AUTOS = YES_AGGRESSIVE;
				GCC_WARN_UNUSED_FUNCTION = YES;
				GCC_WARN_UNUSED_VARIABLE = YES;
				IPHONEOS_DEPLOYMENT_TARGET = 11.3;
				MTL_ENABLE_DEBUG_INFO = NO;
				SDKROOT = iphoneos;
				SWIFT_COMPILATION_MODE = wholemodule;
				SWIFT_OPTIMIZATION_LEVEL = "-O";
				VALIDATE_PRODUCT = YES;
			};
			name = Release;
		};
		75FE0A1820E6D19C0043AA9B /* Debug */ = {
			isa = XCBuildConfiguration;
			baseConfigurationReference = 7403FD42F3D6FA45D6FD0634 /* Pods-SwiftyCodeViewDemo.debug.xcconfig */;
			buildSettings = {
				ALWAYS_EMBED_SWIFT_STANDARD_LIBRARIES = YES;
				ASSETCATALOG_COMPILER_APPICON_NAME = AppIcon;
				CODE_SIGN_STYLE = Automatic;
				DEVELOPMENT_TEAM = U8CSJE9SQ2;
				INFOPLIST_FILE = SwiftyCodeViewDemo/Info.plist;
				LD_RUNPATH_SEARCH_PATHS = (
					"$(inherited)",
					"@executable_path/Frameworks",
				);
				PRODUCT_BUNDLE_IDENTIFIER = com.arturdev.SwiftyCodeViewDemo;
				PRODUCT_NAME = "$(TARGET_NAME)";
				SWIFT_VERSION = 4.0;
				TARGETED_DEVICE_FAMILY = "1,2";
			};
			name = Debug;
		};
		75FE0A1920E6D19C0043AA9B /* Release */ = {
			isa = XCBuildConfiguration;
			baseConfigurationReference = 1B07F1335ECBB15DBB991618 /* Pods-SwiftyCodeViewDemo.release.xcconfig */;
			buildSettings = {
				ALWAYS_EMBED_SWIFT_STANDARD_LIBRARIES = YES;
				ASSETCATALOG_COMPILER_APPICON_NAME = AppIcon;
				CODE_SIGN_STYLE = Automatic;
				DEVELOPMENT_TEAM = U8CSJE9SQ2;
				INFOPLIST_FILE = SwiftyCodeViewDemo/Info.plist;
				LD_RUNPATH_SEARCH_PATHS = (
					"$(inherited)",
					"@executable_path/Frameworks",
				);
				PRODUCT_BUNDLE_IDENTIFIER = com.arturdev.SwiftyCodeViewDemo;
				PRODUCT_NAME = "$(TARGET_NAME)";
				SWIFT_VERSION = 4.0;
				TARGETED_DEVICE_FAMILY = "1,2";
			};
			name = Release;
		};
/* End XCBuildConfiguration section */

/* Begin XCConfigurationList section */
		75FE0A0020E6D19C0043AA9B /* Build configuration list for PBXProject "SwiftyCodeViewDemo" */ = {
			isa = XCConfigurationList;
			buildConfigurations = (
				75FE0A1520E6D19C0043AA9B /* Debug */,
				75FE0A1620E6D19C0043AA9B /* Release */,
			);
			defaultConfigurationIsVisible = 0;
			defaultConfigurationName = Release;
		};
		75FE0A1720E6D19C0043AA9B /* Build configuration list for PBXNativeTarget "SwiftyCodeViewDemo" */ = {
			isa = XCConfigurationList;
			buildConfigurations = (
				75FE0A1820E6D19C0043AA9B /* Debug */,
				75FE0A1920E6D19C0043AA9B /* Release */,
			);
			defaultConfigurationIsVisible = 0;
			defaultConfigurationName = Release;
		};
/* End XCConfigurationList section */
	};
	rootObject = 75FE09FD20E6D19C0043AA9B /* Project object */;
}
